{
  "originHash" : "edf4f15c3ec86806980b42083a3b56877d6ac0c1a00ed36431bbd8b741738388",
  "pins" : [
    {
      "identity" : "anchorage",
      "kind" : "remoteSourceControl",
      "location" : "https://github.com/Rightpoint/Anchorage",
      "state" : {
        "revision" : "23a6dd0ccf9529d2750d8679a2e74a161cff2f16",
        "version" : "4.5.0"
      }
    },
    {
      "identity" : "biometricauthentication",
      "kind" : "remoteSourceControl",
      "location" : "https://github.com/rushisangani/BiometricAuthentication",
      "state" : {
        "revision" : "085569f12692a964ef580d4ec6e04956e879929a",
        "version" : "3.1.2"
      }
    },
    {
      "identity" : "embassy",
      "kind" : "remoteSourceControl",
      "location" : "https://github.com/envoy/Embassy",
      "state" : {
        "revision" : "189436100c00efbf5fb2653fe7972a9371db0a91",
        "version" : "4.1.1"
      }
    },
    {
      "identity" : "proton",
      "kind" : "remoteSourceControl",
      "location" : "https://github.com/rajdeep/proton",
      "state" : {
        "revision" : "e9257e11ff2a708f6b6ea98a9d593ab3bef7ea1b",
        "version" : "0.5.0"
      }
    },
    {
      "identity" : "sdwebimage",
      "kind" : "remoteSourceControl",
      "location" : "https://github.com/SDWebImage/SDWebImage",
      "state" : {
        "revision" : "7a21432a370a34925046244462281bd36ebab73d",
        "version" : "5.9.1"
      }
    },
    {
      "identity" : "starscream",
      "kind" : "remoteSourceControl",
      "location" : "https://github.com/daltoniam/Starscream",
      "state" : {
        "revision" : "e6b65c6d9077ea48b4a7bdda8994a1d3c6969c8d",
        "version" : "3.1.1"
      }
    },
    {
      "identity" : "swift-badge",
      "kind" : "remoteSourceControl",
      "location" : "https://github.com/evgenyneu/swift-badge",
      "state" : {
        "revision" : "f6cd330ed423556e909b7126b710c13ee23ccf45",
        "version" : "8.0.2"
      }
    },
    {
      "identity" : "swift-nio-zlib-support",
      "kind" : "remoteSourceControl",
      "location" : "https://github.com/apple/swift-nio-zlib-support.git",
      "state" : {
        "revision" : "37760e9a52030bb9011972c5213c3350fa9d41fd",
        "version" : "1.0.0"
      }
    },
    {
      "identity" : "swiftyjson",
      "kind" : "remoteSourceControl",
      "location" : "https://github.com/SwiftyJSON/SwiftyJSON",
      "state" : {
        "revision" : "af76cf3ef710b6ca5f8c05f3a31307d44a3c5828",
        "version" : "5.0.2"
      }
    },
    {
      "identity" : "then",
      "kind" : "remoteSourceControl",
      "location" : "https://github.com/devxoul/Then",
      "state" : {
        "revision" : "e421a7b3440a271834337694e6050133a3958bc7",
        "version" : "2.7.0"
      }
    }
  ],
  "version" : 3
}
